// !$*UTF8*$!
{
	archiveVersion = 1;
	classes = {
	};
	objectVersion = 46;
	objects = {

/* Begin PBXBuildFile section */
		C842342B1B273CC6003A55B1 /* DrawView.swift in Sources */ = {isa = PBXBuildFile; fileRef = C842342A1B273CC6003A55B1 /* DrawView.swift */; };
		C8B5D8E51B27304800DB1D9F /* AppDelegate.swift in Sources */ = {isa = PBXBuildFile; fileRef = C8B5D8E41B27304800DB1D9F /* AppDelegate.swift */; };
		C8B5D8E71B27304800DB1D9F /* ViewController.swift in Sources */ = {isa = PBXBuildFile; fileRef = C8B5D8E61B27304800DB1D9F /* ViewController.swift */; };
		C8B5D8EA1B27304800DB1D9F /* Main.storyboard in Resources */ = {isa = PBXBuildFile; fileRef = C8B5D8E81B27304800DB1D9F /* Main.storyboard */; };
		C8B5D8EC1B27304800DB1D9F /* Images.xcassets in Resources */ = {isa = PBXBuildFile; fileRef = C8B5D8EB1B27304800DB1D9F /* Images.xcassets */; };
		C8B5D8EF1B27304800DB1D9F /* LaunchScreen.xib in Resources */ = {isa = PBXBuildFile; fileRef = C8B5D8ED1B27304800DB1D9F /* LaunchScreen.xib */; };
		C8B5D8FB1B27304800DB1D9F /* draw2Tests.swift in Sources */ = {isa = PBXBuildFile; fileRef = C8B5D8FA1B27304800DB1D9F /* draw2Tests.swift */; };
		C8B5D9071B2737DE00DB1D9F /* CoreGraphics.framework in Frameworks */ = {isa = PBXBuildFile; fileRef = C8B5D9061B2737DE00DB1D9F /* CoreGraphics.framework */; };
		C8E78C531B4792C400F11EF8 /* yudati.jpg in Resources */ = {isa = PBXBuildFile; fileRef = C8E78C521B4792C400F11EF8 /* yudati.jpg */; };
/* End PBXBuildFile section */

/* Begin PBXContainerItemProxy section */
		C8B5D8F51B27304800DB1D9F /* PBXContainerItemProxy */ = {
			isa = PBXContainerItemProxy;
			containerPortal = C8B5D8D71B27304800DB1D9F /* Project object */;
			proxyType = 1;
			remoteGlobalIDString = C8B5D8DE1B27304800DB1D9F;
			remoteInfo = draw2;
		};
/* End PBXContainerItemProxy section */

/* Begin PBXFileReference section */
		C842342A1B273CC6003A55B1 /* DrawView.swift */ = {isa = PBXFileReference; fileEncoding = 4; lastKnownFileType = sourcecode.swift; name = DrawView.swift; path = ../DrawView.swift; sourceTree = "<group>"; };
		C8B5D8DF1B27304800DB1D9F /* draw2.app */ = {isa = PBXFileReference; explicitFileType = wrapper.application; includeInIndex = 0; path = draw2.app; sourceTree = BUILT_PRODUCTS_DIR; };
		C8B5D8E31B27304800DB1D9F /* Info.plist */ = {isa = PBXFileReference; lastKnownFileType = text.plist.xml; path = Info.plist; sourceTree = "<group>"; };
		C8B5D8E41B27304800DB1D9F /* AppDelegate.swift */ = {isa = PBXFileReference; lastKnownFileType = sourcecode.swift; path = AppDelegate.swift; sourceTree = "<group>"; };
		C8B5D8E61B27304800DB1D9F /* ViewController.swift */ = {isa = PBXFileReference; lastKnownFileType = sourcecode.swift; path = ViewController.swift; sourceTree = "<group>"; };
		C8B5D8E91B27304800DB1D9F /* Base */ = {isa = PBXFileReference; lastKnownFileType = file.storyboard; name = Base; path = Base.lproj/Main.storyboard; sourceTree = "<group>"; };
		C8B5D8EB1B27304800DB1D9F /* Images.xcassets */ = {isa = PBXFileReference; lastKnownFileType = folder.assetcatalog; path = Images.xcassets; sourceTree = "<group>"; };
		C8B5D8EE1B27304800DB1D9F /* Base */ = {isa = PBXFileReference; lastKnownFileType = file.xib; name = Base; path = Base.lproj/LaunchScreen.xib; sourceTree = "<group>"; };
		C8B5D8F41B27304800DB1D9F /* draw2Tests.xctest */ = {isa = PBXFileReference; explicitFileType = wrapper.cfbundle; includeInIndex = 0; path = draw2Tests.xctest; sourceTree = BUILT_PRODUCTS_DIR; };
		C8B5D8F91B27304800DB1D9F /* Info.plist */ = {isa = PBXFileReference; lastKnownFileType = text.plist.xml; path = Info.plist; sourceTree = "<group>"; };
		C8B5D8FA1B27304800DB1D9F /* draw2Tests.swift */ = {isa = PBXFileReference; lastKnownFileType = sourcecode.swift; path = draw2Tests.swift; sourceTree = "<group>"; };
		C8B5D9061B2737DE00DB1D9F /* CoreGraphics.framework */ = {isa = PBXFileReference; lastKnownFileType = wrapper.framework; name = CoreGraphics.framework; path = System/Library/Frameworks/CoreGraphics.framework; sourceTree = SDKROOT; };
		C8E78C521B4792C400F11EF8 /* yudati.jpg */ = {isa = PBXFileReference; lastKnownFileType = image.jpeg; path = yudati.jpg; sourceTree = "<group>"; };
/* End PBXFileReference section */

/* Begin PBXFrameworksBuildPhase section */
		C8B5D8DC1B27304800DB1D9F /* Frameworks */ = {
			isa = PBXFrameworksBuildPhase;
			buildActionMask = 2147483647;
			files = (
				C8B5D9071B2737DE00DB1D9F /* CoreGraphics.framework in Frameworks */,
			);
			runOnlyForDeploymentPostprocessing = 0;
		};
		C8B5D8F11B27304800DB1D9F /* Frameworks */ = {
			isa = PBXFrameworksBuildPhase;
			buildActionMask = 2147483647;
			files = (
			);
			runOnlyForDeploymentPostprocessing = 0;
		};
/* End PBXFrameworksBuildPhase section */

/* Begin PBXGroup section */
		C8B5D8D61B27304800DB1D9F = {
			isa = PBXGroup;
			children = (
				C8B5D9061B2737DE00DB1D9F /* CoreGraphics.framework */,
				C8B5D8E11B27304800DB1D9F /* draw2 */,
				C8B5D8F71B27304800DB1D9F /* draw2Tests */,
				C8B5D8E01B27304800DB1D9F /* Products */,
			);
			sourceTree = "<group>";
		};
		C8B5D8E01B27304800DB1D9F /* Products */ = {
			isa = PBXGroup;
			children = (
				C8B5D8DF1B27304800DB1D9F /* draw2.app */,
				C8B5D8F41B27304800DB1D9F /* draw2Tests.xctest */,
			);
			name = Products;
			sourceTree = "<group>";
		};
		C8B5D8E11B27304800DB1D9F /* draw2 */ = {
			isa = PBXGroup;
			children = (
				C8B5D8E41B27304800DB1D9F /* AppDelegate.swift */,
				C8B5D8E61B27304800DB1D9F /* ViewController.swift */,
				C8B5D8E81B27304800DB1D9F /* Main.storyboard */,
				C8B5D8EB1B27304800DB1D9F /* Images.xcassets */,
				C8B5D8ED1B27304800DB1D9F /* LaunchScreen.xib */,
				C842342A1B273CC6003A55B1 /* DrawView.swift */,
				C8E78C521B4792C400F11EF8 /* yudati.jpg */,
				C8B5D8E21B27304800DB1D9F /* Supporting Files */,
			);
			path = draw2;
			sourceTree = "<group>";
		};
		C8B5D8E21B27304800DB1D9F /* Supporting Files */ = {
			isa = PBXGroup;
			children = (
				C8B5D8E31B27304800DB1D9F /* Info.plist */,
			);
			name = "Supporting Files";
			sourceTree = "<group>";
		};
		C8B5D8F71B27304800DB1D9F /* draw2Tests */ = {
			isa = PBXGroup;
			children = (
				C8B5D8FA1B27304800DB1D9F /* draw2Tests.swift */,
				C8B5D8F81B27304800DB1D9F /* Supporting Files */,
			);
			path = draw2Tests;
			sourceTree = "<group>";
		};
		C8B5D8F81B27304800DB1D9F /* Supporting Files */ = {
			isa = PBXGroup;
			children = (
				C8B5D8F91B27304800DB1D9F /* Info.plist */,
			);
			name = "Supporting Files";
			sourceTree = "<group>";
		};
/* End PBXGroup section */

/* Begin PBXNativeTarget section */
		C8B5D8DE1B27304800DB1D9F /* draw2 */ = {
			isa = PBXNativeTarget;
			buildConfigurationList = C8B5D8FE1B27304800DB1D9F /* Build configuration list for PBXNativeTarget "draw2" */;
			buildPhases = (
				C8B5D8DB1B27304800DB1D9F /* Sources */,
				C8B5D8DC1B27304800DB1D9F /* Frameworks */,
				C8B5D8DD1B27304800DB1D9F /* Resources */,
			);
			buildRules = (
			);
			dependencies = (
			);
			name = draw2;
			productName = draw2;
			productReference = C8B5D8DF1B27304800DB1D9F /* draw2.app */;
			productType = "com.apple.product-type.application";
		};
		C8B5D8F31B27304800DB1D9F /* draw2Tests */ = {
			isa = PBXNativeTarget;
			buildConfigurationList = C8B5D9011B27304800DB1D9F /* Build configuration list for PBXNativeTarget "draw2Tests" */;
			buildPhases = (
				C8B5D8F01B27304800DB1D9F /* Sources */,
				C8B5D8F11B27304800DB1D9F /* Frameworks */,
				C8B5D8F21B27304800DB1D9F /* Resources */,
			);
			buildRules = (
			);
			dependencies = (
				C8B5D8F61B27304800DB1D9F /* PBXTargetDependency */,
			);
			name = draw2Tests;
			productName = draw2Tests;
			productReference = C8B5D8F41B27304800DB1D9F /* draw2Tests.xctest */;
			productType = "com.apple.product-type.bundle.unit-test";
		};
/* End PBXNativeTarget section */

/* Begin PBXProject section */
		C8B5D8D71B27304800DB1D9F /* Project object */ = {
			isa = PBXProject;
			attributes = {
				LastUpgradeCheck = 0610;
				ORGANIZATIONNAME = 4ut;
				TargetAttributes = {
					C8B5D8DE1B27304800DB1D9F = {
						CreatedOnToolsVersion = 6.1.1;
					};
					C8B5D8F31B27304800DB1D9F = {
						CreatedOnToolsVersion = 6.1.1;
						TestTargetID = C8B5D8DE1B27304800DB1D9F;
					};
				};
			};
			buildConfigurationList = C8B5D8DA1B27304800DB1D9F /* Build configuration list for PBXProject "draw2" */;
			compatibilityVersion = "Xcode 3.2";
			developmentRegion = English;
			hasScannedForEncodings = 0;
			knownRegions = (
				en,
				Base,
			);
			mainGroup = C8B5D8D61B27304800DB1D9F;
			productRefGroup = C8B5D8E01B27304800DB1D9F /* Products */;
			projectDirPath = "";
			projectRoot = "";
			targets = (
				C8B5D8DE1B27304800DB1D9F /* draw2 */,
				C8B5D8F31B27304800DB1D9F /* draw2Tests */,
			);
		};
/* End PBXProject section */

/* Begin PBXResourcesBuildPhase section */
		C8B5D8DD1B27304800DB1D9F /* Resources */ = {
			isa = PBXResourcesBuildPhase;
			buildActionMask = 2147483647;
			files = (
				C8B5D8EA1B27304800DB1D9F /* Main.storyboard in Resources */,
				C8E78C531B4792C400F11EF8 /* yudati.jpg in Resources */,
				C8B5D8EF1B27304800DB1D9F /* LaunchScreen.xib in Resources */,
				C8B5D8EC1B27304800DB1D9F /* Images.xcassets in Resources */,
			);
			runOnlyForDeploymentPostprocessing = 0;
		};
		C8B5D8F21B27304800DB1D9F /* Resources */ = {
			isa = PBXResourcesBuildPhase;
			buildActionMask = 2147483647;
			files = (
			);
			runOnlyForDeploymentPostprocessing = 0;
		};
/* End PBXResourcesBuildPhase section */

/* Begin PBXSourcesBuildPhase section */
		C8B5D8DB1B27304800DB1D9F /* Sources */ = {
			isa = PBXSourcesBuildPhase;
			buildActionMask = 2147483647;
			files = (
				C8B5D8E71B27304800DB1D9F /* ViewController.swift in Sources */,
				C8B5D8E51B27304800DB1D9F /* AppDelegate.swift in Sources */,
				C842342B1B273CC6003A55B1 /* DrawView.swift in Sources */,
			);
			runOnlyForDeploymentPostprocessing = 0;
		};
		C8B5D8F01B27304800DB1D9F /* Sources */ = {
			isa = PBXSourcesBuildPhase;
			buildActionMask = 2147483647;
			files = (
				C8B5D8FB1B27304800DB1D9F /* draw2Tests.swift in Sources */,
			);
			runOnlyForDeploymentPostprocessing = 0;
		};
/* End PBXSourcesBuildPhase section */

/* Begin PBXTargetDependency section */
		C8B5D8F61B27304800DB1D9F /* PBXTargetDependency */ = {
			isa = PBXTargetDependency;
			target = C8B5D8DE1B27304800DB1D9F /* draw2 */;
			targetProxy = C8B5D8F51B27304800DB1D9F /* PBXContainerItemProxy */;
		};
/* End PBXTargetDependency section */

/* Begin PBXVariantGroup section */
		C8B5D8E81B27304800DB1D9F /* Main.storyboard */ = {
			isa = PBXVariantGroup;
			children = (
				C8B5D8E91B27304800DB1D9F /* Base */,
			);
			name = Main.storyboard;
			sourceTree = "<group>";
		};
		C8B5D8ED1B27304800DB1D9F /* LaunchScreen.xib */ = {
			isa = PBXVariantGroup;
			children = (
				C8B5D8EE1B27304800DB1D9F /* Base */,
			);
			name = LaunchScreen.xib;
			sourceTree = "<group>";
		};
/* End PBXVariantGroup section */

/* Begin XCBuildConfiguration section */
		C8B5D8FC1B27304800DB1D9F /* Debug */ = {
			isa = XCBuildConfiguration;
			buildSettings = {
				ALWAYS_SEARCH_USER_PATHS = NO;
				CLANG_CXX_LANGUAGE_STANDARD = "gnu++0x";
				CLANG_CXX_LIBRARY = "libc++";
				CLANG_ENABLE_MODULES = YES;
				CLANG_ENABLE_OBJC_ARC = YES;
				CLANG_WARN_BOOL_CONVERSION = YES;
				CLANG_WARN_CONSTANT_CONVERSION = YES;
				CLANG_WARN_DIRECT_OBJC_ISA_USAGE = YES_ERROR;
				CLANG_WARN_EMPTY_BODY = YES;
				CLANG_WARN_ENUM_CONVERSION = YES;
				CLANG_WARN_INT_CONVERSION = YES;
				CLANG_WARN_OBJC_ROOT_CLASS = YES_ERROR;
				CLANG_WARN_UNREACHABLE_CODE = YES;
				CLANG_WARN__DUPLICATE_METHOD_MATCH = YES;
				"CODE_SIGN_IDENTITY[sdk=iphoneos*]" = "iPhone Developer";
				COPY_PHASE_STRIP = NO;
				ENABLE_STRICT_OBJC_MSGSEND = YES;
				GCC_C_LANGUAGE_STANDARD = gnu99;
				GCC_DYNAMIC_NO_PIC = NO;
				GCC_OPTIMIZATION_LEVEL = 0;
				GCC_PREPROCESSOR_DEFINITIONS = (
					"DEBUG=1",
					"$(inherited)",
				);
				GCC_SYMBOLS_PRIVATE_EXTERN = NO;
				GCC_WARN_64_TO_32_BIT_CONVERSION = YES;
				GCC_WARN_ABOUT_RETURN_TYPE = YES_ERROR;
				GCC_WARN_UNDECLARED_SELECTOR = YES;
				GCC_WARN_UNINITIALIZED_AUTOS = YES_AGGRESSIVE;
				GCC_WARN_UNUSED_FUNCTION = YES;
				GCC_WARN_UNUSED_VARIABLE = YES;
				IPHONEOS_DEPLOYMENT_TARGET = 8.1;
				MTL_ENABLE_DEBUG_INFO = YES;
				ONLY_ACTIVE_ARCH = YES;
				SDKROOT = iphoneos;
				SWIFT_OPTIMIZATION_LEVEL = "-Onone";
			};
			name = Debug;
		};
		C8B5D8FD1B27304800DB1D9F /* Release */ = {
			isa = XCBuildConfiguration;
			buildSettings = {
				ALWAYS_SEARCH_USER_PATHS = NO;
				CLANG_CXX_LANGUAGE_STANDARD = "gnu++0x";
				CLANG_CXX_LIBRARY = "libc++";
				CLANG_ENABLE_MODULES = YES;
				CLANG_ENABLE_OBJC_ARC = YES;
				CLANG_WARN_BOOL_CONVERSION = YES;
				CLANG_WARN_CONSTANT_CONVERSION = YES;
				CLANG_WARN_DIRECT_OBJC_ISA_USAGE = YES_ERROR;
				CLANG_WARN_EMPTY_BODY = YES;
				CLANG_WARN_ENUM_CONVERSION = YES;
				CLANG_WARN_INT_CONVERSION = YES;
				CLANG_WARN_OBJC_ROOT_CLASS = YES_ERROR;
				CLANG_WARN_UNREACHABLE_CODE = YES;
				CLANG_WARN__DUPLICATE_METHOD_MATCH = YES;
				"CODE_SIGN_IDENTITY[sdk=iphoneos*]" = "iPhone Developer";
				COPY_PHASE_STRIP = YES;
				ENABLE_NS_ASSERTIONS = NO;
				ENABLE_STRICT_OBJC_MSGSEND = YES;
				GCC_C_LANGUAGE_STANDARD = gnu99;
				GCC_WARN_64_TO_32_BIT_CONVERSION = YES;
				GCC_WARN_ABOUT_RETURN_TYPE = YES_ERROR;
				GCC_WARN_UNDECLARED_SELECTOR = YES;
				GCC_WARN_UNINITIALIZED_AUTOS = YES_AGGRESSIVE;
				GCC_WARN_UNUSED_FUNCTION = YES;
				GCC_WARN_UNUSED_VARIABLE = YES;
				IPHONEOS_DEPLOYMENT_TARGET = 8.1;
				MTL_ENABLE_DEBUG_INFO = NO;
				SDKROOT = iphoneos;
				VALIDATE_PRODUCT = YES;
			};
			name = Release;
		};
		C8B5D8FF1B27304800DB1D9F /* Debug */ = {
			isa = XCBuildConfiguration;
			buildSettings = {
				ASSETCATALOG_COMPILER_APPICON_NAME = AppIcon;
				INFOPLIST_FILE = draw2/Info.plist;
				IPHONEOS_DEPLOYMENT_TARGET = 8.0;
				LD_RUNPATH_SEARCH_PATHS = "$(inherited) @executable_path/Frameworks";
				PRODUCT_NAME = "$(TARGET_NAME)";
				TARGETED_DEVICE_FAMILY = 1;
			};
			name = Debug;
		};
		C8B5D9001B27304800DB1D9F /* Release */ = {
			isa = XCBuildConfiguration;
			buildSettings = {
				ASSETCATALOG_COMPILER_APPICON_NAME = AppIcon;
				INFOPLIST_FILE = draw2/Info.plist;
				IPHONEOS_DEPLOYMENT_TARGET = 8.0;
				LD_RUNPATH_SEARCH_PATHS = "$(inherited) @executable_path/Frameworks";
				PRODUCT_NAME = "$(TARGET_NAME)";
				TARGETED_DEVICE_FAMILY = 1;
			};
			name = Release;
		};
		C8B5D9021B27304800DB1D9F /* Debug */ = {
			isa = XCBuildConfiguration;
			buildSettings = {
				BUNDLE_LOADER = "$(TEST_HOST)";
				FRAMEWORK_SEARCH_PATHS = (
					"$(SDKROOT)/Developer/Library/Frameworks",
					"$(inherited)",
				);
				GCC_PREPROCESSOR_DEFINITIONS = (
					"DEBUG=1",
					"$(inherited)",
				);
				INFOPLIST_FILE = draw2Tests/Info.plist;
				LD_RUNPATH_SEARCH_PATHS = "$(inherited) @executable_path/Frameworks @loader_path/Frameworks";
				PRODUCT_NAME = "$(TARGET_NAME)";
				TEST_HOST = "$(BUILT_PRODUCTS_DIR)/draw2.app/draw2";
			};
			name = Debug;
		};
		C8B5D9031B27304800DB1D9F /* Release */ = {
			isa = XCBuildConfiguration;
			buildSettings = {
				BUNDLE_LOADER = "$(TEST_HOST)";
				FRAMEWORK_SEARCH_PATHS = (
					"$(SDKROOT)/Developer/Library/Frameworks",
					"$(inherited)",
				);
				INFOPLIST_FILE = draw2Tests/Info.plist;
				LD_RUNPATH_SEARCH_PATHS = "$(inherited) @executable_path/Frameworks @loader_path/Frameworks";
				PRODUCT_NAME = "$(TARGET_NAME)";
				TEST_HOST = "$(BUILT_PRODUCTS_DIR)/draw2.app/draw2";
			};
			name = Release;
		};
/* End XCBuildConfiguration section */

/* Begin XCConfigurationList section */
		C8B5D8DA1B27304800DB1D9F /* Build configuration list for PBXProject "draw2" */ = {
			isa = XCConfigurationList;
			buildConfigurations = (
				C8B5D8FC1B27304800DB1D9F /* Debug */,
				C8B5D8FD1B27304800DB1D9F /* Release */,
			);
			defaultConfigurationIsVisible = 0;
			defaultConfigurationName = Release;
		};
		C8B5D8FE1B27304800DB1D9F /* Build configuration list for PBXNativeTarget "draw2" */ = {
			isa = XCConfigurationList;
			buildConfigurations = (
				C8B5D8FF1B27304800DB1D9F /* Debug */,
				C8B5D9001B27304800DB1D9F /* Release */,
			);
			defaultConfigurationIsVisible = 0;
			defaultConfigurationName = Release;
		};
		C8B5D9011B27304800DB1D9F /* Build configuration list for PBXNativeTarget "draw2Tests" */ = {
			isa = XCConfigurationList;
			buildConfigurations = (
				C8B5D9021B27304800DB1D9F /* Debug */,
				C8B5D9031B27304800DB1D9F /* Release */,
			);
			defaultConfigurationIsVisible = 0;
			defaultConfigurationName = Release;
		};
/* End XCConfigurationList section */
	};
	rootObject = C8B5D8D71B27304800DB1D9F /* Project object */;
}
