// !$*UTF8*$!
{
	archiveVersion = 1;
	classes = {
	};
	objectVersion = 46;
	objects = {

/* Begin PBXBuildFile section */
		C89DAAD21B4E534400853363 /* AppDelegate.swift in Sources */ = {isa = PBXBuildFile; fileRef = C89DAAD11B4E534400853363 /* AppDelegate.swift */; };
		C89DAAD41B4E534400853363 /* ViewController.swift in Sources */ = {isa = PBXBuildFile; fileRef = C89DAAD31B4E534400853363 /* ViewController.swift */; };
		C89DAAD71B4E534400853363 /* Main.storyboard in Resources */ = {isa = PBXBuildFile; fileRef = C89DAAD51B4E534400853363 /* Main.storyboard */; };
		C89DAAD91B4E534400853363 /* Images.xcassets in Resources */ = {isa = PBXBuildFile; fileRef = C89DAAD81B4E534400853363 /* Images.xcassets */; };
		C89DAADC1B4E534400853363 /* LaunchScreen.xib in Resources */ = {isa = PBXBuildFile; fileRef = C89DAADA1B4E534400853363 /* LaunchScreen.xib */; };
		C89DAAE81B4E534400853363 /* newHanoiTests.swift in Sources */ = {isa = PBXBuildFile; fileRef = C89DAAE71B4E534400853363 /* newHanoiTests.swift */; };
/* End PBXBuildFile section */

/* Begin PBXContainerItemProxy section */
		C89DAAE21B4E534400853363 /* PBXContainerItemProxy */ = {
			isa = PBXContainerItemProxy;
			containerPortal = C89DAAC41B4E534400853363 /* Project object */;
			proxyType = 1;
			remoteGlobalIDString = C89DAACB1B4E534400853363;
			remoteInfo = newHanoi;
		};
/* End PBXContainerItemProxy section */

/* Begin PBXFileReference section */
		C89DAACC1B4E534400853363 /* newHanoi.app */ = {isa = PBXFileReference; explicitFileType = wrapper.application; includeInIndex = 0; path = newHanoi.app; sourceTree = BUILT_PRODUCTS_DIR; };
		C89DAAD01B4E534400853363 /* Info.plist */ = {isa = PBXFileReference; lastKnownFileType = text.plist.xml; path = Info.plist; sourceTree = "<group>"; };
		C89DAAD11B4E534400853363 /* AppDelegate.swift */ = {isa = PBXFileReference; lastKnownFileType = sourcecode.swift; path = AppDelegate.swift; sourceTree = "<group>"; };
		C89DAAD31B4E534400853363 /* ViewController.swift */ = {isa = PBXFileReference; lastKnownFileType = sourcecode.swift; path = ViewController.swift; sourceTree = "<group>"; };
		C89DAAD61B4E534400853363 /* Base */ = {isa = PBXFileReference; lastKnownFileType = file.storyboard; name = Base; path = Base.lproj/Main.storyboard; sourceTree = "<group>"; };
		C89DAAD81B4E534400853363 /* Images.xcassets */ = {isa = PBXFileReference; lastKnownFileType = folder.assetcatalog; path = Images.xcassets; sourceTree = "<group>"; };
		C89DAADB1B4E534400853363 /* Base */ = {isa = PBXFileReference; lastKnownFileType = file.xib; name = Base; path = Base.lproj/LaunchScreen.xib; sourceTree = "<group>"; };
		C89DAAE11B4E534400853363 /* newHanoiTests.xctest */ = {isa = PBXFileReference; explicitFileType = wrapper.cfbundle; includeInIndex = 0; path = newHanoiTests.xctest; sourceTree = BUILT_PRODUCTS_DIR; };
		C89DAAE61B4E534400853363 /* Info.plist */ = {isa = PBXFileReference; lastKnownFileType = text.plist.xml; path = Info.plist; sourceTree = "<group>"; };
		C89DAAE71B4E534400853363 /* newHanoiTests.swift */ = {isa = PBXFileReference; lastKnownFileType = sourcecode.swift; path = newHanoiTests.swift; sourceTree = "<group>"; };
/* End PBXFileReference section */

/* Begin PBXFrameworksBuildPhase section */
		C89DAAC91B4E534400853363 /* Frameworks */ = {
			isa = PBXFrameworksBuildPhase;
			buildActionMask = 2147483647;
			files = (
			);
			runOnlyForDeploymentPostprocessing = 0;
		};
		C89DAADE1B4E534400853363 /* Frameworks */ = {
			isa = PBXFrameworksBuildPhase;
			buildActionMask = 2147483647;
			files = (
			);
			runOnlyForDeploymentPostprocessing = 0;
		};
/* End PBXFrameworksBuildPhase section */

/* Begin PBXGroup section */
		C89DAAC31B4E534400853363 = {
			isa = PBXGroup;
			children = (
				C89DAACE1B4E534400853363 /* newHanoi */,
				C89DAAE41B4E534400853363 /* newHanoiTests */,
				C89DAACD1B4E534400853363 /* Products */,
			);
			sourceTree = "<group>";
		};
		C89DAACD1B4E534400853363 /* Products */ = {
			isa = PBXGroup;
			children = (
				C89DAACC1B4E534400853363 /* newHanoi.app */,
				C89DAAE11B4E534400853363 /* newHanoiTests.xctest */,
			);
			name = Products;
			sourceTree = "<group>";
		};
		C89DAACE1B4E534400853363 /* newHanoi */ = {
			isa = PBXGroup;
			children = (
				C89DAAD11B4E534400853363 /* AppDelegate.swift */,
				C89DAAD31B4E534400853363 /* ViewController.swift */,
				C89DAAD51B4E534400853363 /* Main.storyboard */,
				C89DAAD81B4E534400853363 /* Images.xcassets */,
				C89DAADA1B4E534400853363 /* LaunchScreen.xib */,
				C89DAACF1B4E534400853363 /* Supporting Files */,
			);
			path = newHanoi;
			sourceTree = "<group>";
		};
		C89DAACF1B4E534400853363 /* Supporting Files */ = {
			isa = PBXGroup;
			children = (
				C89DAAD01B4E534400853363 /* Info.plist */,
			);
			name = "Supporting Files";
			sourceTree = "<group>";
		};
		C89DAAE41B4E534400853363 /* newHanoiTests */ = {
			isa = PBXGroup;
			children = (
				C89DAAE71B4E534400853363 /* newHanoiTests.swift */,
				C89DAAE51B4E534400853363 /* Supporting Files */,
			);
			path = newHanoiTests;
			sourceTree = "<group>";
		};
		C89DAAE51B4E534400853363 /* Supporting Files */ = {
			isa = PBXGroup;
			children = (
				C89DAAE61B4E534400853363 /* Info.plist */,
			);
			name = "Supporting Files";
			sourceTree = "<group>";
		};
/* End PBXGroup section */

/* Begin PBXNativeTarget section */
		C89DAACB1B4E534400853363 /* newHanoi */ = {
			isa = PBXNativeTarget;
			buildConfigurationList = C89DAAEB1B4E534400853363 /* Build configuration list for PBXNativeTarget "newHanoi" */;
			buildPhases = (
				C89DAAC81B4E534400853363 /* Sources */,
				C89DAAC91B4E534400853363 /* Frameworks */,
				C89DAACA1B4E534400853363 /* Resources */,
			);
			buildRules = (
			);
			dependencies = (
			);
			name = newHanoi;
			productName = newHanoi;
			productReference = C89DAACC1B4E534400853363 /* newHanoi.app */;
			productType = "com.apple.product-type.application";
		};
		C89DAAE01B4E534400853363 /* newHanoiTests */ = {
			isa = PBXNativeTarget;
			buildConfigurationList = C89DAAEE1B4E534400853363 /* Build configuration list for PBXNativeTarget "newHanoiTests" */;
			buildPhases = (
				C89DAADD1B4E534400853363 /* Sources */,
				C89DAADE1B4E534400853363 /* Frameworks */,
				C89DAADF1B4E534400853363 /* Resources */,
			);
			buildRules = (
			);
			dependencies = (
				C89DAAE31B4E534400853363 /* PBXTargetDependency */,
			);
			name = newHanoiTests;
			productName = newHanoiTests;
			productReference = C89DAAE11B4E534400853363 /* newHanoiTests.xctest */;
			productType = "com.apple.product-type.bundle.unit-test";
		};
/* End PBXNativeTarget section */

/* Begin PBXProject section */
		C89DAAC41B4E534400853363 /* Project object */ = {
			isa = PBXProject;
			attributes = {
				LastUpgradeCheck = 0610;
				ORGANIZATIONNAME = 4ut;
				TargetAttributes = {
					C89DAACB1B4E534400853363 = {
						CreatedOnToolsVersion = 6.1.1;
					};
					C89DAAE01B4E534400853363 = {
						CreatedOnToolsVersion = 6.1.1;
						TestTargetID = C89DAACB1B4E534400853363;
					};
				};
			};
			buildConfigurationList = C89DAAC71B4E534400853363 /* Build configuration list for PBXProject "newHanoi" */;
			compatibilityVersion = "Xcode 3.2";
			developmentRegion = English;
			hasScannedForEncodings = 0;
			knownRegions = (
				en,
				Base,
			);
			mainGroup = C89DAAC31B4E534400853363;
			productRefGroup = C89DAACD1B4E534400853363 /* Products */;
			projectDirPath = "";
			projectRoot = "";
			targets = (
				C89DAACB1B4E534400853363 /* newHanoi */,
				C89DAAE01B4E534400853363 /* newHanoiTests */,
			);
		};
/* End PBXProject section */

/* Begin PBXResourcesBuildPhase section */
		C89DAACA1B4E534400853363 /* Resources */ = {
			isa = PBXResourcesBuildPhase;
			buildActionMask = 2147483647;
			files = (
				C89DAAD71B4E534400853363 /* Main.storyboard in Resources */,
				C89DAADC1B4E534400853363 /* LaunchScreen.xib in Resources */,
				C89DAAD91B4E534400853363 /* Images.xcassets in Resources */,
			);
			runOnlyForDeploymentPostprocessing = 0;
		};
		C89DAADF1B4E534400853363 /* Resources */ = {
			isa = PBXResourcesBuildPhase;
			buildActionMask = 2147483647;
			files = (
			);
			runOnlyForDeploymentPostprocessing = 0;
		};
/* End PBXResourcesBuildPhase section */

/* Begin PBXSourcesBuildPhase section */
		C89DAAC81B4E534400853363 /* Sources */ = {
			isa = PBXSourcesBuildPhase;
			buildActionMask = 2147483647;
			files = (
				C89DAAD41B4E534400853363 /* ViewController.swift in Sources */,
				C89DAAD21B4E534400853363 /* AppDelegate.swift in Sources */,
			);
			runOnlyForDeploymentPostprocessing = 0;
		};
		C89DAADD1B4E534400853363 /* Sources */ = {
			isa = PBXSourcesBuildPhase;
			buildActionMask = 2147483647;
			files = (
				C89DAAE81B4E534400853363 /* newHanoiTests.swift in Sources */,
			);
			runOnlyForDeploymentPostprocessing = 0;
		};
/* End PBXSourcesBuildPhase section */

/* Begin PBXTargetDependency section */
		C89DAAE31B4E534400853363 /* PBXTargetDependency */ = {
			isa = PBXTargetDependency;
			target = C89DAACB1B4E534400853363 /* newHanoi */;
			targetProxy = C89DAAE21B4E534400853363 /* PBXContainerItemProxy */;
		};
/* End PBXTargetDependency section */

/* Begin PBXVariantGroup section */
		C89DAAD51B4E534400853363 /* Main.storyboard */ = {
			isa = PBXVariantGroup;
			children = (
				C89DAAD61B4E534400853363 /* Base */,
			);
			name = Main.storyboard;
			sourceTree = "<group>";
		};
		C89DAADA1B4E534400853363 /* LaunchScreen.xib */ = {
			isa = PBXVariantGroup;
			children = (
				C89DAADB1B4E534400853363 /* Base */,
			);
			name = LaunchScreen.xib;
			sourceTree = "<group>";
		};
/* End PBXVariantGroup section */

/* Begin XCBuildConfiguration section */
		C89DAAE91B4E534400853363 /* Debug */ = {
			isa = XCBuildConfiguration;
			buildSettings = {
				ALWAYS_SEARCH_USER_PATHS = NO;
				CLANG_CXX_LANGUAGE_STANDARD = "gnu++0x";
				CLANG_CXX_LIBRARY = "libc++";
				CLANG_ENABLE_MODULES = YES;
				CLANG_ENABLE_OBJC_ARC = YES;
				CLANG_WARN_BOOL_CONVERSION = YES;
				CLANG_WARN_CONSTANT_CONVERSION = YES;
				CLANG_WARN_DIRECT_OBJC_ISA_USAGE = YES_ERROR;
				CLANG_WARN_EMPTY_BODY = YES;
				CLANG_WARN_ENUM_CONVERSION = YES;
				CLANG_WARN_INT_CONVERSION = YES;
				CLANG_WARN_OBJC_ROOT_CLASS = YES_ERROR;
				CLANG_WARN_UNREACHABLE_CODE = YES;
				CLANG_WARN__DUPLICATE_METHOD_MATCH = YES;
				"CODE_SIGN_IDENTITY[sdk=iphoneos*]" = "iPhone Developer";
				COPY_PHASE_STRIP = NO;
				ENABLE_STRICT_OBJC_MSGSEND = YES;
				GCC_C_LANGUAGE_STANDARD = gnu99;
				GCC_DYNAMIC_NO_PIC = NO;
				GCC_OPTIMIZATION_LEVEL = 0;
				GCC_PREPROCESSOR_DEFINITIONS = (
					"DEBUG=1",
					"$(inherited)",
				);
				GCC_SYMBOLS_PRIVATE_EXTERN = NO;
				GCC_WARN_64_TO_32_BIT_CONVERSION = YES;
				GCC_WARN_ABOUT_RETURN_TYPE = YES_ERROR;
				GCC_WARN_UNDECLARED_SELECTOR = YES;
				GCC_WARN_UNINITIALIZED_AUTOS = YES_AGGRESSIVE;
				GCC_WARN_UNUSED_FUNCTION = YES;
				GCC_WARN_UNUSED_VARIABLE = YES;
				IPHONEOS_DEPLOYMENT_TARGET = 8.1;
				MTL_ENABLE_DEBUG_INFO = YES;
				ONLY_ACTIVE_ARCH = YES;
				SDKROOT = iphoneos;
				SWIFT_OPTIMIZATION_LEVEL = "-Onone";
			};
			name = Debug;
		};
		C89DAAEA1B4E534400853363 /* Release */ = {
			isa = XCBuildConfiguration;
			buildSettings = {
				ALWAYS_SEARCH_USER_PATHS = NO;
				CLANG_CXX_LANGUAGE_STANDARD = "gnu++0x";
				CLANG_CXX_LIBRARY = "libc++";
				CLANG_ENABLE_MODULES = YES;
				CLANG_ENABLE_OBJC_ARC = YES;
				CLANG_WARN_BOOL_CONVERSION = YES;
				CLANG_WARN_CONSTANT_CONVERSION = YES;
				CLANG_WARN_DIRECT_OBJC_ISA_USAGE = YES_ERROR;
				CLANG_WARN_EMPTY_BODY = YES;
				CLANG_WARN_ENUM_CONVERSION = YES;
				CLANG_WARN_INT_CONVERSION = YES;
				CLANG_WARN_OBJC_ROOT_CLASS = YES_ERROR;
				CLANG_WARN_UNREACHABLE_CODE = YES;
				CLANG_WARN__DUPLICATE_METHOD_MATCH = YES;
				"CODE_SIGN_IDENTITY[sdk=iphoneos*]" = "iPhone Developer";
				COPY_PHASE_STRIP = YES;
				ENABLE_NS_ASSERTIONS = NO;
				ENABLE_STRICT_OBJC_MSGSEND = YES;
				GCC_C_LANGUAGE_STANDARD = gnu99;
				GCC_WARN_64_TO_32_BIT_CONVERSION = YES;
				GCC_WARN_ABOUT_RETURN_TYPE = YES_ERROR;
				GCC_WARN_UNDECLARED_SELECTOR = YES;
				GCC_WARN_UNINITIALIZED_AUTOS = YES_AGGRESSIVE;
				GCC_WARN_UNUSED_FUNCTION = YES;
				GCC_WARN_UNUSED_VARIABLE = YES;
				IPHONEOS_DEPLOYMENT_TARGET = 8.1;
				MTL_ENABLE_DEBUG_INFO = NO;
				SDKROOT = iphoneos;
				VALIDATE_PRODUCT = YES;
			};
			name = Release;
		};
		C89DAAEC1B4E534400853363 /* Debug */ = {
			isa = XCBuildConfiguration;
			buildSettings = {
				ASSETCATALOG_COMPILER_APPICON_NAME = AppIcon;
				INFOPLIST_FILE = newHanoi/Info.plist;
				LD_RUNPATH_SEARCH_PATHS = "$(inherited) @executable_path/Frameworks";
				PRODUCT_NAME = "$(TARGET_NAME)";
			};
			name = Debug;
		};
		C89DAAED1B4E534400853363 /* Release */ = {
			isa = XCBuildConfiguration;
			buildSettings = {
				ASSETCATALOG_COMPILER_APPICON_NAME = AppIcon;
				INFOPLIST_FILE = newHanoi/Info.plist;
				LD_RUNPATH_SEARCH_PATHS = "$(inherited) @executable_path/Frameworks";
				PRODUCT_NAME = "$(TARGET_NAME)";
			};
			name = Release;
		};
		C89DAAEF1B4E534400853363 /* Debug */ = {
			isa = XCBuildConfiguration;
			buildSettings = {
				BUNDLE_LOADER = "$(TEST_HOST)";
				FRAMEWORK_SEARCH_PATHS = (
					"$(SDKROOT)/Developer/Library/Frameworks",
					"$(inherited)",
				);
				GCC_PREPROCESSOR_DEFINITIONS = (
					"DEBUG=1",
					"$(inherited)",
				);
				INFOPLIST_FILE = newHanoiTests/Info.plist;
				LD_RUNPATH_SEARCH_PATHS = "$(inherited) @executable_path/Frameworks @loader_path/Frameworks";
				PRODUCT_NAME = "$(TARGET_NAME)";
				TEST_HOST = "$(BUILT_PRODUCTS_DIR)/newHanoi.app/newHanoi";
			};
			name = Debug;
		};
		C89DAAF01B4E534400853363 /* Release */ = {
			isa = XCBuildConfiguration;
			buildSettings = {
				BUNDLE_LOADER = "$(TEST_HOST)";
				FRAMEWORK_SEARCH_PATHS = (
					"$(SDKROOT)/Developer/Library/Frameworks",
					"$(inherited)",
				);
				INFOPLIST_FILE = newHanoiTests/Info.plist;
				LD_RUNPATH_SEARCH_PATHS = "$(inherited) @executable_path/Frameworks @loader_path/Frameworks";
				PRODUCT_NAME = "$(TARGET_NAME)";
				TEST_HOST = "$(BUILT_PRODUCTS_DIR)/newHanoi.app/newHanoi";
			};
			name = Release;
		};
/* End XCBuildConfiguration section */

/* Begin XCConfigurationList section */
		C89DAAC71B4E534400853363 /* Build configuration list for PBXProject "newHanoi" */ = {
			isa = XCConfigurationList;
			buildConfigurations = (
				C89DAAE91B4E534400853363 /* Debug */,
				C89DAAEA1B4E534400853363 /* Release */,
			);
			defaultConfigurationIsVisible = 0;
			defaultConfigurationName = Release;
		};
		C89DAAEB1B4E534400853363 /* Build configuration list for PBXNativeTarget "newHanoi" */ = {
			isa = XCConfigurationList;
			buildConfigurations = (
				C89DAAEC1B4E534400853363 /* Debug */,
				C89DAAED1B4E534400853363 /* Release */,
			);
			defaultConfigurationIsVisible = 0;
		};
		C89DAAEE1B4E534400853363 /* Build configuration list for PBXNativeTarget "newHanoiTests" */ = {
			isa = XCConfigurationList;
			buildConfigurations = (
				C89DAAEF1B4E534400853363 /* Debug */,
				C89DAAF01B4E534400853363 /* Release */,
			);
			defaultConfigurationIsVisible = 0;
		};
/* End XCConfigurationList section */
	};
	rootObject = C89DAAC41B4E534400853363 /* Project object */;
}
